PODS:
  - Flutter (1.0.0)
  - flutter_ulink_sdk (0.0.1):
    - Flutter
    - ULinkSDK (~> 1.0.3)
  - integration_test (0.0.1):
    - Flutter
  - ULinkSDK (1.0.4)

DEPENDENCIES:
  - Flutter (from `Flutter`)
  - flutter_ulink_sdk (from `.symlinks/plugins/flutter_ulink_sdk/ios`)
  - integration_test (from `.symlinks/plugins/integration_test/ios`)
  - ULinkSDK (from `../../../ios_ulink_sdk`)

EXTERNAL SOURCES:
  Flutter:
    :path: Flutter
  flutter_ulink_sdk:
    :path: ".symlinks/plugins/flutter_ulink_sdk/ios"
  integration_test:
    :path: ".symlinks/plugins/integration_test/ios"
  ULinkSDK:
    :path: "../../../ios_ulink_sdk"

SPEC CHECKSUMS:
  Flutter: cabc95a1d2626b1b06e7179b784ebcf0c0cde467
  flutter_ulink_sdk: 922597943dc5df8252cb31d54437a3ff1848afb2
  integration_test: 4a889634ef21a45d28d50d622cf412dc6d9f586e
  ULinkSDK: 24c8c14e717eb1c8dd7fc35c58d881f47d7aeee5

PODFILE CHECKSUM: e96a3bfb0becc909f3606380122d9298846414e7

COCOAPODS: 1.16.2
